{
  "originHash" : "1229634c5bcdc38f3ca1eeb37754f82c5bfbcfa920cc6cab3d407c0b456eba99",
  "pins" : [
    {
      "identity" : "hemiprocnemystaceaerror",
      "kind" : "remoteSourceControl",
      "location" : "https://github.com/Catterwaul/HemiprocneMystaceaError",
      "state" : {
        "branch" : "main",
        "revision" : "e9e65c64c21afb32b5b9ad60a7094bcf0e413a83"
      }
    },
    {
      "identity" : "swift-docc-plugin",
      "kind" : "remoteSourceControl",
      "location" : "https://github.com/swiftlang/swift-docc-plugin",
      "state" : {
        "branch" : "main",
        "revision" : "3aad4aabc42835f09f600bb17070f6a11bc84180"
      }
    },
    {
      "identity" : "swift-docc-symbolkit",
      "kind" : "remoteSourceControl",
      "location" : "https://github.com/apple/swift-docc-symbolkit",
      "state" : {
        "revision" : "b45d1f2ed151d057b54504d653e0da5552844e34",
        "version" : "1.0.0"
      }
    }
  ],
  "version" : 3
}
